// !$*UTF8*$!
{
	archiveVersion = 1;
	classes = {
	};
	objectVersion = 55;
	objects = {

/* Begin PBXBuildFile section */
		7890EF2628A0F78D00B64E65 /* AppDelegate.swift in Sources */ = {isa = PBXBuildFile; fileRef = 7890EF2528A0F78D00B64E65 /* AppDelegate.swift */; };
		7890EF2828A0F78D00B64E65 /* SceneDelegate.swift in Sources */ = {isa = PBXBuildFile; fileRef = 7890EF2728A0F78D00B64E65 /* SceneDelegate.swift */; };
		7890EF2A28A0F78D00B64E65 /* ViewController.swift in Sources */ = {isa = PBXBuildFile; fileRef = 7890EF2928A0F78D00B64E65 /* ViewController.swift */; };
		7890EF2D28A0F78D00B64E65 /* Main.storyboard in Resources */ = {isa = PBXBuildFile; fileRef = 7890EF2B28A0F78D00B64E65 /* Main.storyboard */; };
		7890EF2F28A0F79100B64E65 /* Assets.xcassets in Resources */ = {isa = PBXBuildFile; fileRef = 7890EF2E28A0F79100B64E65 /* Assets.xcassets */; };
		7890EF3228A0F79100B64E65 /* LaunchScreen.storyboard in Resources */ = {isa = PBXBuildFile; fileRef = 7890EF3028A0F79100B64E65 /* LaunchScreen.storyboard */; };
		7890EF3A28A0F98D00B64E65 /* MiscStocks.swift in Sources */ = {isa = PBXBuildFile; fileRef = 7890EF3928A0F98D00B64E65 /* MiscStocks.swift */; };
		7890EF3C28A0FA3B00B64E65 /* miscStocks.json in Resources */ = {isa = PBXBuildFile; fileRef = 7890EF3B28A0FA3B00B64E65 /* miscStocks.json */; };
		78C812AA28A322D80067B434 /* StockPicker.swift in Sources */ = {isa = PBXBuildFile; fileRef = 78C812A928A322D80067B434 /* StockPicker.swift */; };
		78C812AC28A328E00067B434 /* StockModel.swift in Sources */ = {isa = PBXBuildFile; fileRef = 78C812AB28A328E00067B434 /* StockModel.swift */; };
/* End PBXBuildFile section */

/* Begin PBXFileReference section */
		7890EF2228A0F78D00B64E65 /* MonkeyPick.app */ = {isa = PBXFileReference; explicitFileType = wrapper.application; includeInIndex = 0; path = MonkeyPick.app; sourceTree = BUILT_PRODUCTS_DIR; };
		7890EF2528A0F78D00B64E65 /* AppDelegate.swift */ = {isa = PBXFileReference; lastKnownFileType = sourcecode.swift; path = AppDelegate.swift; sourceTree = "<group>"; };
		7890EF2728A0F78D00B64E65 /* SceneDelegate.swift */ = {isa = PBXFileReference; lastKnownFileType = sourcecode.swift; path = SceneDelegate.swift; sourceTree = "<group>"; };
		7890EF2928A0F78D00B64E65 /* ViewController.swift */ = {isa = PBXFileReference; lastKnownFileType = sourcecode.swift; path = ViewController.swift; sourceTree = "<group>"; };
		7890EF2C28A0F78D00B64E65 /* Base */ = {isa = PBXFileReference; lastKnownFileType = file.storyboard; name = Base; path = Base.lproj/Main.storyboard; sourceTree = "<group>"; };
		7890EF2E28A0F79100B64E65 /* Assets.xcassets */ = {isa = PBXFileReference; lastKnownFileType = folder.assetcatalog; path = Assets.xcassets; sourceTree = "<group>"; };
		7890EF3128A0F79100B64E65 /* Base */ = {isa = PBXFileReference; lastKnownFileType = file.storyboard; name = Base; path = Base.lproj/LaunchScreen.storyboard; sourceTree = "<group>"; };
		7890EF3328A0F79100B64E65 /* Info.plist */ = {isa = PBXFileReference; lastKnownFileType = text.plist.xml; path = Info.plist; sourceTree = "<group>"; };
		7890EF3928A0F98D00B64E65 /* MiscStocks.swift */ = {isa = PBXFileReference; lastKnownFileType = sourcecode.swift; path = MiscStocks.swift; sourceTree = "<group>"; };
		7890EF3B28A0FA3B00B64E65 /* miscStocks.json */ = {isa = PBXFileReference; lastKnownFileType = text.json; path = miscStocks.json; sourceTree = "<group>"; };
		78C812A928A322D80067B434 /* StockPicker.swift */ = {isa = PBXFileReference; lastKnownFileType = sourcecode.swift; path = StockPicker.swift; sourceTree = "<group>"; };
		78C812AB28A328E00067B434 /* StockModel.swift */ = {isa = PBXFileReference; lastKnownFileType = sourcecode.swift; path = StockModel.swift; sourceTree = "<group>"; };
/* End PBXFileReference section */

/* Begin PBXFrameworksBuildPhase section */
		7890EF1F28A0F78D00B64E65 /* Frameworks */ = {
			isa = PBXFrameworksBuildPhase;
			buildActionMask = 2147483647;
			files = (
			);
			runOnlyForDeploymentPostprocessing = 0;
		};
/* End PBXFrameworksBuildPhase section */

/* Begin PBXGroup section */
		7890EF1928A0F78D00B64E65 = {
			isa = PBXGroup;
			children = (
				7890EF2428A0F78D00B64E65 /* MonkeyPick */,
				7890EF2328A0F78D00B64E65 /* Products */,
			);
			sourceTree = "<group>";
		};
		7890EF2328A0F78D00B64E65 /* Products */ = {
			isa = PBXGroup;
			children = (
				7890EF2228A0F78D00B64E65 /* MonkeyPick.app */,
			);
			name = Products;
			sourceTree = "<group>";
		};
		7890EF2428A0F78D00B64E65 /* MonkeyPick */ = {
			isa = PBXGroup;
			children = (
				78C812A828A3226F0067B434 /* Controller */,
				78C812A728A322680067B434 /* View */,
				78C812A628A322580067B434 /* Model */,
				7890EF2528A0F78D00B64E65 /* AppDelegate.swift */,
				7890EF2728A0F78D00B64E65 /* SceneDelegate.swift */,
				7890EF2E28A0F79100B64E65 /* Assets.xcassets */,
				7890EF3028A0F79100B64E65 /* LaunchScreen.storyboard */,
				7890EF3328A0F79100B64E65 /* Info.plist */,
				7890EF3B28A0FA3B00B64E65 /* miscStocks.json */,
			);
			path = MonkeyPick;
			sourceTree = "<group>";
		};
		78C812A628A322580067B434 /* Model */ = {
			isa = PBXGroup;
			children = (
				7890EF3928A0F98D00B64E65 /* MiscStocks.swift */,
				78C812A928A322D80067B434 /* StockPicker.swift */,
				78C812AB28A328E00067B434 /* StockModel.swift */,
			);
			path = Model;
			sourceTree = "<group>";
		};
		78C812A728A322680067B434 /* View */ = {
			isa = PBXGroup;
			children = (
				7890EF2B28A0F78D00B64E65 /* Main.storyboard */,
			);
			path = View;
			sourceTree = "<group>";
		};
		78C812A828A3226F0067B434 /* Controller */ = {
			isa = PBXGroup;
			children = (
				7890EF2928A0F78D00B64E65 /* ViewController.swift */,
			);
			path = Controller;
			sourceTree = "<group>";
		};
/* End PBXGroup section */

/* Begin PBXNativeTarget section */
		7890EF2128A0F78D00B64E65 /* MonkeyPick */ = {
			isa = PBXNativeTarget;
			buildConfigurationList = 7890EF3628A0F79100B64E65 /* Build configuration list for PBXNativeTarget "MonkeyPick" */;
			buildPhases = (
				7890EF1E28A0F78D00B64E65 /* Sources */,
				7890EF1F28A0F78D00B64E65 /* Frameworks */,
				7890EF2028A0F78D00B64E65 /* Resources */,
			);
			buildRules = (
			);
			dependencies = (
			);
			name = MonkeyPick;
			productName = MonkeyPick;
			productReference = 7890EF2228A0F78D00B64E65 /* MonkeyPick.app */;
			productType = "com.apple.product-type.application";
		};
/* End PBXNativeTarget section */

/* Begin PBXProject section */
		7890EF1A28A0F78D00B64E65 /* Project object */ = {
			isa = PBXProject;
			attributes = {
				BuildIndependentTargetsInParallel = 1;
				LastSwiftUpdateCheck = 1340;
				LastUpgradeCheck = 1340;
				TargetAttributes = {
					7890EF2128A0F78D00B64E65 = {
						CreatedOnToolsVersion = 13.4.1;
					};
				};
			};
			buildConfigurationList = 7890EF1D28A0F78D00B64E65 /* Build configuration list for PBXProject "MonkeyPick" */;
			compatibilityVersion = "Xcode 13.0";
			developmentRegion = en;
			hasScannedForEncodings = 0;
			knownRegions = (
				en,
				Base,
			);
			mainGroup = 7890EF1928A0F78D00B64E65;
			productRefGroup = 7890EF2328A0F78D00B64E65 /* Products */;
			projectDirPath = "";
			projectRoot = "";
			targets = (
				7890EF2128A0F78D00B64E65 /* MonkeyPick */,
			);
		};
/* End PBXProject section */

/* Begin PBXResourcesBuildPhase section */
		7890EF2028A0F78D00B64E65 /* Resources */ = {
			isa = PBXResourcesBuildPhase;
			buildActionMask = 2147483647;
			files = (
				7890EF3228A0F79100B64E65 /* LaunchScreen.storyboard in Resources */,
				7890EF2F28A0F79100B64E65 /* Assets.xcassets in Resources */,
				7890EF3C28A0FA3B00B64E65 /* miscStocks.json in Resources */,
				7890EF2D28A0F78D00B64E65 /* Main.storyboard in Resources */,
			);
			runOnlyForDeploymentPostprocessing = 0;
		};
/* End PBXResourcesBuildPhase section */

/* Begin PBXSourcesBuildPhase section */
		7890EF1E28A0F78D00B64E65 /* Sources */ = {
			isa = PBXSourcesBuildPhase;
			buildActionMask = 2147483647;
			files = (
				7890EF2A28A0F78D00B64E65 /* ViewController.swift in Sources */,
				7890EF2628A0F78D00B64E65 /* AppDelegate.swift in Sources */,
				78C812AC28A328E00067B434 /* StockModel.swift in Sources */,
				78C812AA28A322D80067B434 /* StockPicker.swift in Sources */,
				7890EF3A28A0F98D00B64E65 /* MiscStocks.swift in Sources */,
				7890EF2828A0F78D00B64E65 /* SceneDelegate.swift in Sources */,
			);
			runOnlyForDeploymentPostprocessing = 0;
		};
/* End PBXSourcesBuildPhase section */

/* Begin PBXVariantGroup section */
		7890EF2B28A0F78D00B64E65 /* Main.storyboard */ = {
			isa = PBXVariantGroup;
			children = (
				7890EF2C28A0F78D00B64E65 /* Base */,
			);
			name = Main.storyboard;
			sourceTree = "<group>";
		};
		7890EF3028A0F79100B64E65 /* LaunchScreen.storyboard */ = {
			isa = PBXVariantGroup;
			children = (
				7890EF3128A0F79100B64E65 /* Base */,
			);
			name = LaunchScreen.storyboard;
			sourceTree = "<group>";
		};
/* End PBXVariantGroup section */

/* Begin XCBuildConfiguration section */
		7890EF3428A0F79100B64E65 /* Debug */ = {
			isa = XCBuildConfiguration;
			buildSettings = {
				ALWAYS_SEARCH_USER_PATHS = NO;
				CLANG_ANALYZER_NONNULL = YES;
				CLANG_ANALYZER_NUMBER_OBJECT_CONVERSION = YES_AGGRESSIVE;
				CLANG_CXX_LANGUAGE_STANDARD = "gnu++17";
				CLANG_ENABLE_MODULES = YES;
				CLANG_ENABLE_OBJC_ARC = YES;
				CLANG_ENABLE_OBJC_WEAK = YES;
				CLANG_WARN_BLOCK_CAPTURE_AUTORELEASING = YES;
				CLANG_WARN_BOOL_CONVERSION = YES;
				CLANG_WARN_COMMA = YES;
				CLANG_WARN_CONSTANT_CONVERSION = YES;
				CLANG_WARN_DEPRECATED_OBJC_IMPLEMENTATIONS = YES;
				CLANG_WARN_DIRECT_OBJC_ISA_USAGE = YES_ERROR;
				CLANG_WARN_DOCUMENTATION_COMMENTS = YES;
				CLANG_WARN_EMPTY_BODY = YES;
				CLANG_WARN_ENUM_CONVERSION = YES;
				CLANG_WARN_INFINITE_RECURSION = YES;
				CLANG_WARN_INT_CONVERSION = YES;
				CLANG_WARN_NON_LITERAL_NULL_CONVERSION = YES;
				CLANG_WARN_OBJC_IMPLICIT_RETAIN_SELF = YES;
				CLANG_WARN_OBJC_LITERAL_CONVERSION = YES;
				CLANG_WARN_OBJC_ROOT_CLASS = YES_ERROR;
				CLANG_WARN_QUOTED_INCLUDE_IN_FRAMEWORK_HEADER = YES;
				CLANG_WARN_RANGE_LOOP_ANALYSIS = YES;
				CLANG_WARN_STRICT_PROTOTYPES = YES;
				CLANG_WARN_SUSPICIOUS_MOVE = YES;
				CLANG_WARN_UNGUARDED_AVAILABILITY = YES_AGGRESSIVE;
				CLANG_WARN_UNREACHABLE_CODE = YES;
				CLANG_WARN__DUPLICATE_METHOD_MATCH = YES;
				COPY_PHASE_STRIP = NO;
				DEBUG_INFORMATION_FORMAT = dwarf;
				ENABLE_STRICT_OBJC_MSGSEND = YES;
				ENABLE_TESTABILITY = YES;
				GCC_C_LANGUAGE_STANDARD = gnu11;
				GCC_DYNAMIC_NO_PIC = NO;
				GCC_NO_COMMON_BLOCKS = YES;
				GCC_OPTIMIZATION_LEVEL = 0;
				GCC_PREPROCESSOR_DEFINITIONS = (
					"DEBUG=1",
					"$(inherited)",
				);
				GCC_WARN_64_TO_32_BIT_CONVERSION = YES;
				GCC_WARN_ABOUT_RETURN_TYPE = YES_ERROR;
				GCC_WARN_UNDECLARED_SELECTOR = YES;
				GCC_WARN_UNINITIALIZED_AUTOS = YES_AGGRESSIVE;
				GCC_WARN_UNUSED_FUNCTION = YES;
				GCC_WARN_UNUSED_VARIABLE = YES;
				IPHONEOS_DEPLOYMENT_TARGET = 15.5;
				MTL_ENABLE_DEBUG_INFO = INCLUDE_SOURCE;
				MTL_FAST_MATH = YES;
				ONLY_ACTIVE_ARCH = YES;
				SDKROOT = iphoneos;
				SWIFT_ACTIVE_COMPILATION_CONDITIONS = DEBUG;
				SWIFT_OPTIMIZATION_LEVEL = "-Onone";
			};
			name = Debug;
		};
		7890EF3528A0F79100B64E65 /* Release */ = {
			isa = XCBuildConfiguration;
			buildSettings = {
				ALWAYS_SEARCH_USER_PATHS = NO;
				CLANG_ANALYZER_NONNULL = YES;
				CLANG_ANALYZER_NUMBER_OBJECT_CONVERSION = YES_AGGRESSIVE;
				CLANG_CXX_LANGUAGE_STANDARD = "gnu++17";
				CLANG_ENABLE_MODULES = YES;
				CLANG_ENABLE_OBJC_ARC = YES;
				CLANG_ENABLE_OBJC_WEAK = YES;
				CLANG_WARN_BLOCK_CAPTURE_AUTORELEASING = YES;
				CLANG_WARN_BOOL_CONVERSION = YES;
				CLANG_WARN_COMMA = YES;
				CLANG_WARN_CONSTANT_CONVERSION = YES;
				CLANG_WARN_DEPRECATED_OBJC_IMPLEMENTATIONS = YES;
				CLANG_WARN_DIRECT_OBJC_ISA_USAGE = YES_ERROR;
				CLANG_WARN_DOCUMENTATION_COMMENTS = YES;
				CLANG_WARN_EMPTY_BODY = YES;
				CLANG_WARN_ENUM_CONVERSION = YES;
				CLANG_WARN_INFINITE_RECURSION = YES;
				CLANG_WARN_INT_CONVERSION = YES;
				CLANG_WARN_NON_LITERAL_NULL_CONVERSION = YES;
				CLANG_WARN_OBJC_IMPLICIT_RETAIN_SELF = YES;
				CLANG_WARN_OBJC_LITERAL_CONVERSION = YES;
				CLANG_WARN_OBJC_ROOT_CLASS = YES_ERROR;
				CLANG_WARN_QUOTED_INCLUDE_IN_FRAMEWORK_HEADER = YES;
				CLANG_WARN_RANGE_LOOP_ANALYSIS = YES;
				CLANG_WARN_STRICT_PROTOTYPES = YES;
				CLANG_WARN_SUSPICIOUS_MOVE = YES;
				CLANG_WARN_UNGUARDED_AVAILABILITY = YES_AGGRESSIVE;
				CLANG_WARN_UNREACHABLE_CODE = YES;
				CLANG_WARN__DUPLICATE_METHOD_MATCH = YES;
				COPY_PHASE_STRIP = NO;
				DEBUG_INFORMATION_FORMAT = "dwarf-with-dsym";
				ENABLE_NS_ASSERTIONS = NO;
				ENABLE_STRICT_OBJC_MSGSEND = YES;
				GCC_C_LANGUAGE_STANDARD = gnu11;
				GCC_NO_COMMON_BLOCKS = YES;
				GCC_WARN_64_TO_32_BIT_CONVERSION = YES;
				GCC_WARN_ABOUT_RETURN_TYPE = YES_ERROR;
				GCC_WARN_UNDECLARED_SELECTOR = YES;
				GCC_WARN_UNINITIALIZED_AUTOS = YES_AGGRESSIVE;
				GCC_WARN_UNUSED_FUNCTION = YES;
				GCC_WARN_UNUSED_VARIABLE = YES;
				IPHONEOS_DEPLOYMENT_TARGET = 15.5;
				MTL_ENABLE_DEBUG_INFO = NO;
				MTL_FAST_MATH = YES;
				SDKROOT = iphoneos;
				SWIFT_COMPILATION_MODE = wholemodule;
				SWIFT_OPTIMIZATION_LEVEL = "-O";
				VALIDATE_PRODUCT = YES;
			};
			name = Release;
		};
		7890EF3728A0F79100B64E65 /* Debug */ = {
			isa = XCBuildConfiguration;
			buildSettings = {
				ASSETCATALOG_COMPILER_APPICON_NAME = AppIcon;
				ASSETCATALOG_COMPILER_GLOBAL_ACCENT_COLOR_NAME = AccentColor;
				CODE_SIGN_STYLE = Automatic;
				CURRENT_PROJECT_VERSION = 1;
				GENERATE_INFOPLIST_FILE = YES;
				INFOPLIST_FILE = MonkeyPick/Info.plist;
				INFOPLIST_KEY_UIApplicationSupportsIndirectInputEvents = YES;
				INFOPLIST_KEY_UILaunchStoryboardName = LaunchScreen;
				INFOPLIST_KEY_UIMainStoryboardFile = Main;
				INFOPLIST_KEY_UISupportedInterfaceOrientations_iPad = "UIInterfaceOrientationPortrait UIInterfaceOrientationPortraitUpsideDown UIInterfaceOrientationLandscapeLeft UIInterfaceOrientationLandscapeRight";
				INFOPLIST_KEY_UISupportedInterfaceOrientations_iPhone = "UIInterfaceOrientationPortrait UIInterfaceOrientationLandscapeLeft UIInterfaceOrientationLandscapeRight";
				LD_RUNPATH_SEARCH_PATHS = (
					"$(inherited)",
					"@executable_path/Frameworks",
				);
				MARKETING_VERSION = 1.0;
				PRODUCT_BUNDLE_IDENTIFIER = co.dsmannight.MonkeyPick;
				PRODUCT_NAME = "$(TARGET_NAME)";
				SWIFT_EMIT_LOC_STRINGS = YES;
				SWIFT_VERSION = 5.0;
				TARGETED_DEVICE_FAMILY = "1,2";
			};
			name = Debug;
		};
		7890EF3828A0F79100B64E65 /* Release */ = {
			isa = XCBuildConfiguration;
			buildSettings = {
				ASSETCATALOG_COMPILER_APPICON_NAME = AppIcon;
				ASSETCATALOG_COMPILER_GLOBAL_ACCENT_COLOR_NAME = AccentColor;
				CODE_SIGN_STYLE = Automatic;
				CURRENT_PROJECT_VERSION = 1;
				GENERATE_INFOPLIST_FILE = YES;
				INFOPLIST_FILE = MonkeyPick/Info.plist;
				INFOPLIST_KEY_UIApplicationSupportsIndirectInputEvents = YES;
				INFOPLIST_KEY_UILaunchStoryboardName = LaunchScreen;
				INFOPLIST_KEY_UIMainStoryboardFile = Main;
				INFOPLIST_KEY_UISupportedInterfaceOrientations_iPad = "UIInterfaceOrientationPortrait UIInterfaceOrientationPortraitUpsideDown UIInterfaceOrientationLandscapeLeft UIInterfaceOrientationLandscapeRight";
				INFOPLIST_KEY_UISupportedInterfaceOrientations_iPhone = "UIInterfaceOrientationPortrait UIInterfaceOrientationLandscapeLeft UIInterfaceOrientationLandscapeRight";
				LD_RUNPATH_SEARCH_PATHS = (
					"$(inherited)",
					"@executable_path/Frameworks",
				);
				MARKETING_VERSION = 1.0;
				PRODUCT_BUNDLE_IDENTIFIER = co.dsmannight.MonkeyPick;
				PRODUCT_NAME = "$(TARGET_NAME)";
				SWIFT_EMIT_LOC_STRINGS = YES;
				SWIFT_VERSION = 5.0;
				TARGETED_DEVICE_FAMILY = "1,2";
			};
			name = Release;
		};
/* End XCBuildConfiguration section */

/* Begin XCConfigurationList section */
		7890EF1D28A0F78D00B64E65 /* Build configuration list for PBXProject "MonkeyPick" */ = {
			isa = XCConfigurationList;
			buildConfigurations = (
				7890EF3428A0F79100B64E65 /* Debug */,
				7890EF3528A0F79100B64E65 /* Release */,
			);
			defaultConfigurationIsVisible = 0;
			defaultConfigurationName = Release;
		};
		7890EF3628A0F79100B64E65 /* Build configuration list for PBXNativeTarget "MonkeyPick" */ = {
			isa = XCConfigurationList;
			buildConfigurations = (
				7890EF3728A0F79100B64E65 /* Debug */,
				7890EF3828A0F79100B64E65 /* Release */,
			);
			defaultConfigurationIsVisible = 0;
			defaultConfigurationName = Release;
		};
/* End XCConfigurationList section */
	};
	rootObject = 7890EF1A28A0F78D00B64E65 /* Project object */;
}
